
Microsoft Visual Studio Solution File, Format Version 12.00
# Visual Studio Version 17
VisualStudioVersion = 17.13.35919.96 d17.13
MinimumVisualStudioVersion = 10.0.40219.1
Project("{FAE04EC0-301F-11D3-BF4B-00C04F79EFBC}") = "MiddlewaresDemo", "MiddlewaresDemo\MiddlewaresDemo.csproj", "{AC70CD6B-37AB-4CFE-BDE8-1E273E92F8CE}"
EndProject
Global
	GlobalSection(SolutionConfigurationPlatforms) = preSolution
		Debug|Any CPU = Debug|Any CPU
		Release|Any CPU = Release|Any CPU
	EndGlobalSection
	GlobalSection(ProjectConfigurationPlatforms) = postSolution
		{AC70CD6B-37AB-4CFE-BDE8-1E273E92F8CE}.Debug|Any CPU.ActiveCfg = Debug|Any CPU
		{AC70CD6B-37AB-4CFE-BDE8-1E273E92F8CE}.Debug|Any CPU.Build.0 = Debug|Any CPU
		{AC70CD6B-37AB-4CFE-BDE8-1E273E92F8CE}.Release|Any CPU.ActiveCfg = Release|Any CPU
		{AC70CD6B-37AB-4CFE-BDE8-1E273E92F8CE}.Release|Any CPU.Build.0 = Release|Any CPU
	EndGlobalSection
	GlobalSection(SolutionProperties) = preSolution
		HideSolutionNode = FALSE
	EndGlobalSection
	GlobalSection(ExtensibilityGlobals) = postSolution
		SolutionGuid = {270E697B-CA1C-45D9-826B-B0F244259A97}
	EndGlobalSection
EndGlobal
